{
  "version": "5",
  "redirects": {
    "https://esm.sh/@supabase/supabase-js@2": "https://esm.sh/@supabase/supabase-js@2.112.0"
  },
  "remote": {
    "https://esm.sh/@supabase/supabase-js@2.112.0": "f420344a1c52d354b8af85dfdcfa10d2178c0840526dbc39768a24de3b956a95"
  },
  "workspace": {
    "packageJson": {
      "dependencies": [
        "npm:@resvg/resvg-js@^2.6.2",
        "npm:@supabase/supabase-js@^2.58.0",
        "npm:@tailwindcss/vite@4",
        "npm:@tanstack/react-query@^5.62.0",
        "npm:@types/papaparse@^5.5.2",
        "npm:@types/react-dom@^18.3.1",
        "npm:@types/react@^18.3.12",
        "npm:@types/three@0.169",
        "npm:@vitejs/plugin-react@^4.3.4",
        "npm:framer-motion@^11.15.0",
        "npm:jimp@~0.22.12",
        "npm:papaparse@^5.5.4",
        "npm:pdfjs-dist@^4.7.76",
        "npm:potrace@^2.1.8",
        "npm:react-dom@^18.3.1",
        "npm:react-router-dom@^6.28.0",
        "npm:react@^18.3.1",
        "npm:tailwindcss@4",
        "npm:typescript@^5.6.3",
        "npm:vite@^5.4.11"
      ]
    }
  }
}
